
Microsoft Visual Studio Solution File, Format Version 12.00
# Visual Studio 15
VisualStudioVersion = 15.0.27703.2035
MinimumVisualStudioVersion = 10.0.40219.1
Project("{FAE04EC0-301F-11D3-BF4B-00C04F79EFBC}") = "CentralNoticias.Android", "CentralNoticias\CentralNoticias.Android\CentralNoticias.Android.csproj", "{71D3FEF3-EBEA-4B52-AACB-3F89EF628FE8}"
EndProject
Project("{FAE04EC0-301F-11D3-BF4B-00C04F79EFBC}") = "CentralNoticias.iOS", "CentralNoticias\CentralNoticias.iOS\CentralNoticias.iOS.csproj", "{CFDBCF2C-70FF-41A0-860F-758FF6A87FAF}"
EndProject
Project("{FAE04EC0-301F-11D3-BF4B-00C04F79EFBC}") = "CentralNoticias.UWP", "CentralNoticias\CentralNoticias.UWP\CentralNoticias.UWP.csproj", "{3023C35E-9074-4E39-9968-04ADCE23D6F1}"
EndProject
Project("{D954291E-2A0B-460D-934E-DC6B0785DB48}") = "CentralNoticias", "CentralNoticias\CentralNoticias\CentralNoticias.shproj", "{6C763D7F-BD7C-4F44-AFBF-B180D85309A0}"
EndProject
Global
	GlobalSection(SharedMSBuildProjectFiles) = preSolution
		CentralNoticias\CentralNoticias\CentralNoticias.projitems*{3023c35e-9074-4e39-9968-04adce23d6f1}*SharedItemsImports = 4
		CentralNoticias\CentralNoticias\CentralNoticias.projitems*{6c763d7f-bd7c-4f44-afbf-b180d85309a0}*SharedItemsImports = 13
		CentralNoticias\CentralNoticias\CentralNoticias.projitems*{71d3fef3-ebea-4b52-aacb-3f89ef628fe8}*SharedItemsImports = 4
		CentralNoticias\CentralNoticias\CentralNoticias.projitems*{cfdbcf2c-70ff-41a0-860f-758ff6a87faf}*SharedItemsImports = 4
	EndGlobalSection
	GlobalSection(SolutionConfigurationPlatforms) = preSolution
		Ad-Hoc|Any CPU = Ad-Hoc|Any CPU
		Ad-Hoc|ARM = Ad-Hoc|ARM
		Ad-Hoc|iPhone = Ad-Hoc|iPhone
		Ad-Hoc|iPhoneSimulator = Ad-Hoc|iPhoneSimulator
		Ad-Hoc|x64 = Ad-Hoc|x64
		Ad-Hoc|x86 = Ad-Hoc|x86
		AppStore|Any CPU = AppStore|Any CPU
		AppStore|ARM = AppStore|ARM
		AppStore|iPhone = AppStore|iPhone
		AppStore|iPhoneSimulator = AppStore|iPhoneSimulator
		AppStore|x64 = AppStore|x64
		AppStore|x86 = AppStore|x86
		Debug|Any CPU = Debug|Any CPU
		Debug|ARM = Debug|ARM
		Debug|iPhone = Debug|iPhone
		Debug|iPhoneSimulator = Debug|iPhoneSimulator
		Debug|x64 = Debug|x64
		Debug|x86 = Debug|x86
		Release|Any CPU = Release|Any CPU
		Release|ARM = Release|ARM
		Release|iPhone = Release|iPhone
		Release|iPhoneSimulator = Release|iPhoneSimulator
		Release|x64 = Release|x64
		Release|x86 = Release|x86
	EndGlobalSection
	GlobalSection(ProjectConfigurationPlatforms) = postSolution
		{71D3FEF3-EBEA-4B52-AACB-3F89EF628FE8}.Ad-Hoc|Any CPU.ActiveCfg = Release|Any CPU
		{71D3FEF3-EBEA-4B52-AACB-3F89EF628FE8}.Ad-Hoc|Any CPU.Build.0 = Release|Any CPU
		{71D3FEF3-EBEA-4B52-AACB-3F89EF628FE8}.Ad-Hoc|Any CPU.Deploy.0 = Release|Any CPU
		{71D3FEF3-EBEA-4B52-AACB-3F89EF628FE8}.Ad-Hoc|ARM.ActiveCfg = Release|Any CPU
		{71D3FEF3-EBEA-4B52-AACB-3F89EF628FE8}.Ad-Hoc|ARM.Build.0 = Release|Any CPU
		{71D3FEF3-EBEA-4B52-AACB-3F89EF628FE8}.Ad-Hoc|ARM.Deploy.0 = Release|Any CPU
		{71D3FEF3-EBEA-4B52-AACB-3F89EF628FE8}.Ad-Hoc|iPhone.ActiveCfg = Release|Any CPU
		{71D3FEF3-EBEA-4B52-AACB-3F89EF628FE8}.Ad-Hoc|iPhone.Build.0 = Release|Any CPU
		{71D3FEF3-EBEA-4B52-AACB-3F89EF628FE8}.Ad-Hoc|iPhone.Deploy.0 = Release|Any CPU
		{71D3FEF3-EBEA-4B52-AACB-3F89EF628FE8}.Ad-Hoc|iPhoneSimulator.ActiveCfg = Release|Any CPU
		{71D3FEF3-EBEA-4B52-AACB-3F89EF628FE8}.Ad-Hoc|iPhoneSimulator.Build.0 = Release|Any CPU
		{71D3FEF3-EBEA-4B52-AACB-3F89EF628FE8}.Ad-Hoc|iPhoneSimulator.Deploy.0 = Release|Any CPU
		{71D3FEF3-EBEA-4B52-AACB-3F89EF628FE8}.Ad-Hoc|x64.ActiveCfg = Release|Any CPU
		{71D3FEF3-EBEA-4B52-AACB-3F89EF628FE8}.Ad-Hoc|x64.Build.0 = Release|Any CPU
		{71D3FEF3-EBEA-4B52-AACB-3F89EF628FE8}.Ad-Hoc|x64.Deploy.0 = Release|Any CPU
		{71D3FEF3-EBEA-4B52-AACB-3F89EF628FE8}.Ad-Hoc|x86.ActiveCfg = Release|Any CPU
		{71D3FEF3-EBEA-4B52-AACB-3F89EF628FE8}.Ad-Hoc|x86.Build.0 = Release|Any CPU
		{71D3FEF3-EBEA-4B52-AACB-3F89EF628FE8}.Ad-Hoc|x86.Deploy.0 = Release|Any CPU
		{71D3FEF3-EBEA-4B52-AACB-3F89EF628FE8}.AppStore|Any CPU.ActiveCfg = Release|Any CPU
		{71D3FEF3-EBEA-4B52-AACB-3F89EF628FE8}.AppStore|Any CPU.Build.0 = Release|Any CPU
		{71D3FEF3-EBEA-4B52-AACB-3F89EF628FE8}.AppStore|Any CPU.Deploy.0 = Release|Any CPU
		{71D3FEF3-EBEA-4B52-AACB-3F89EF628FE8}.AppStore|ARM.ActiveCfg = Release|Any CPU
		{71D3FEF3-EBEA-4B52-AACB-3F89EF628FE8}.AppStore|ARM.Build.0 = Release|Any CPU
		{71D3FEF3-EBEA-4B52-AACB-3F89EF628FE8}.AppStore|ARM.Deploy.0 = Release|Any CPU
		{71D3FEF3-EBEA-4B52-AACB-3F89EF628FE8}.AppStore|iPhone.ActiveCfg = Release|Any CPU
		{71D3FEF3-EBEA-4B52-AACB-3F89EF628FE8}.AppStore|iPhone.Build.0 = Release|Any CPU
		{71D3FEF3-EBEA-4B52-AACB-3F89EF628FE8}.AppStore|iPhone.Deploy.0 = Release|Any CPU
		{71D3FEF3-EBEA-4B52-AACB-3F89EF628FE8}.AppStore|iPhoneSimulator.ActiveCfg = Release|Any CPU
		{71D3FEF3-EBEA-4B52-AACB-3F89EF628FE8}.AppStore|iPhoneSimulator.Build.0 = Release|Any CPU
		{71D3FEF3-EBEA-4B52-AACB-3F89EF628FE8}.AppStore|iPhoneSimulator.Deploy.0 = Release|Any CPU
		{71D3FEF3-EBEA-4B52-AACB-3F89EF628FE8}.AppStore|x64.ActiveCfg = Release|Any CPU
		{71D3FEF3-EBEA-4B52-AACB-3F89EF628FE8}.AppStore|x64.Build.0 = Release|Any CPU
		{71D3FEF3-EBEA-4B52-AACB-3F89EF628FE8}.AppStore|x64.Deploy.0 = Release|Any CPU
		{71D3FEF3-EBEA-4B52-AACB-3F89EF628FE8}.AppStore|x86.ActiveCfg = Release|Any CPU
		{71D3FEF3-EBEA-4B52-AACB-3F89EF628FE8}.AppStore|x86.Build.0 = Release|Any CPU
		{71D3FEF3-EBEA-4B52-AACB-3F89EF628FE8}.AppStore|x86.Deploy.0 = Release|Any CPU
		{71D3FEF3-EBEA-4B52-AACB-3F89EF628FE8}.Debug|Any CPU.ActiveCfg = Debug|Any CPU
		{71D3FEF3-EBEA-4B52-AACB-3F89EF628FE8}.Debug|Any CPU.Build.0 = Debug|Any CPU
		{71D3FEF3-EBEA-4B52-AACB-3F89EF628FE8}.Debug|Any CPU.Deploy.0 = Debug|Any CPU
		{71D3FEF3-EBEA-4B52-AACB-3F89EF628FE8}.Debug|ARM.ActiveCfg = Debug|Any CPU
		{71D3FEF3-EBEA-4B52-AACB-3F89EF628FE8}.Debug|ARM.Build.0 = Debug|Any CPU
		{71D3FEF3-EBEA-4B52-AACB-3F89EF628FE8}.Debug|ARM.Deploy.0 = Debug|Any CPU
		{71D3FEF3-EBEA-4B52-AACB-3F89EF628FE8}.Debug|iPhone.ActiveCfg = Debug|Any CPU
		{71D3FEF3-EBEA-4B52-AACB-3F89EF628FE8}.Debug|iPhone.Build.0 = Debug|Any CPU
		{71D3FEF3-EBEA-4B52-AACB-3F89EF628FE8}.Debug|iPhone.Deploy.0 = Debug|Any CPU
		{71D3FEF3-EBEA-4B52-AACB-3F89EF628FE8}.Debug|iPhoneSimulator.ActiveCfg = Debug|Any CPU
		{71D3FEF3-EBEA-4B52-AACB-3F89EF628FE8}.Debug|iPhoneSimulator.Build.0 = Debug|Any CPU
		{71D3FEF3-EBEA-4B52-AACB-3F89EF628FE8}.Debug|iPhoneSimulator.Deploy.0 = Debug|Any CPU
		{71D3FEF3-EBEA-4B52-AACB-3F89EF628FE8}.Debug|x64.ActiveCfg = Debug|Any CPU
		{71D3FEF3-EBEA-4B52-AACB-3F89EF628FE8}.Debug|x64.Build.0 = Debug|Any CPU
		{71D3FEF3-EBEA-4B52-AACB-3F89EF628FE8}.Debug|x64.Deploy.0 = Debug|Any CPU
		{71D3FEF3-EBEA-4B52-AACB-3F89EF628FE8}.Debug|x86.ActiveCfg = Debug|Any CPU
		{71D3FEF3-EBEA-4B52-AACB-3F89EF628FE8}.Debug|x86.Build.0 = Debug|Any CPU
		{71D3FEF3-EBEA-4B52-AACB-3F89EF628FE8}.Debug|x86.Deploy.0 = Debug|Any CPU
		{71D3FEF3-EBEA-4B52-AACB-3F89EF628FE8}.Release|Any CPU.ActiveCfg = Release|Any CPU
		{71D3FEF3-EBEA-4B52-AACB-3F89EF628FE8}.Release|Any CPU.Build.0 = Release|Any CPU
		{71D3FEF3-EBEA-4B52-AACB-3F89EF628FE8}.Release|Any CPU.Deploy.0 = Release|Any CPU
		{71D3FEF3-EBEA-4B52-AACB-3F89EF628FE8}.Release|ARM.ActiveCfg = Release|Any CPU
		{71D3FEF3-EBEA-4B52-AACB-3F89EF628FE8}.Release|ARM.Build.0 = Release|Any CPU
		{71D3FEF3-EBEA-4B52-AACB-3F89EF628FE8}.Release|ARM.Deploy.0 = Release|Any CPU
		{71D3FEF3-EBEA-4B52-AACB-3F89EF628FE8}.Release|iPhone.ActiveCfg = Release|Any CPU
		{71D3FEF3-EBEA-4B52-AACB-3F89EF628FE8}.Release|iPhone.Build.0 = Release|Any CPU
		{71D3FEF3-EBEA-4B52-AACB-3F89EF628FE8}.Release|iPhone.Deploy.0 = Release|Any CPU
		{71D3FEF3-EBEA-4B52-AACB-3F89EF628FE8}.Release|iPhoneSimulator.ActiveCfg = Release|Any CPU
		{71D3FEF3-EBEA-4B52-AACB-3F89EF628FE8}.Release|iPhoneSimulator.Build.0 = Release|Any CPU
		{71D3FEF3-EBEA-4B52-AACB-3F89EF628FE8}.Release|iPhoneSimulator.Deploy.0 = Release|Any CPU
		{71D3FEF3-EBEA-4B52-AACB-3F89EF628FE8}.Release|x64.ActiveCfg = Release|Any CPU
		{71D3FEF3-EBEA-4B52-AACB-3F89EF628FE8}.Release|x64.Build.0 = Release|Any CPU
		{71D3FEF3-EBEA-4B52-AACB-3F89EF628FE8}.Release|x64.Deploy.0 = Release|Any CPU
		{71D3FEF3-EBEA-4B52-AACB-3F89EF628FE8}.Release|x86.ActiveCfg = Release|Any CPU
		{71D3FEF3-EBEA-4B52-AACB-3F89EF628FE8}.Release|x86.Build.0 = Release|Any CPU
		{71D3FEF3-EBEA-4B52-AACB-3F89EF628FE8}.Release|x86.Deploy.0 = Release|Any CPU
		{CFDBCF2C-70FF-41A0-860F-758FF6A87FAF}.Ad-Hoc|Any CPU.ActiveCfg = Ad-Hoc|iPhone
		{CFDBCF2C-70FF-41A0-860F-758FF6A87FAF}.Ad-Hoc|Any CPU.Build.0 = Ad-Hoc|iPhone
		{CFDBCF2C-70FF-41A0-860F-758FF6A87FAF}.Ad-Hoc|Any CPU.Deploy.0 = Ad-Hoc|iPhone
		{CFDBCF2C-70FF-41A0-860F-758FF6A87FAF}.Ad-Hoc|ARM.ActiveCfg = Ad-Hoc|iPhone
		{CFDBCF2C-70FF-41A0-860F-758FF6A87FAF}.Ad-Hoc|ARM.Build.0 = Ad-Hoc|iPhone
		{CFDBCF2C-70FF-41A0-860F-758FF6A87FAF}.Ad-Hoc|ARM.Deploy.0 = Ad-Hoc|iPhone
		{CFDBCF2C-70FF-41A0-860F-758FF6A87FAF}.Ad-Hoc|iPhone.ActiveCfg = Ad-Hoc|iPhone
		{CFDBCF2C-70FF-41A0-860F-758FF6A87FAF}.Ad-Hoc|iPhone.Build.0 = Ad-Hoc|iPhone
		{CFDBCF2C-70FF-41A0-860F-758FF6A87FAF}.Ad-Hoc|iPhone.Deploy.0 = Ad-Hoc|iPhone
		{CFDBCF2C-70FF-41A0-860F-758FF6A87FAF}.Ad-Hoc|iPhoneSimulator.ActiveCfg = Ad-Hoc|iPhoneSimulator
		{CFDBCF2C-70FF-41A0-860F-758FF6A87FAF}.Ad-Hoc|iPhoneSimulator.Build.0 = Ad-Hoc|iPhoneSimulator
		{CFDBCF2C-70FF-41A0-860F-758FF6A87FAF}.Ad-Hoc|iPhoneSimulator.Deploy.0 = Ad-Hoc|iPhoneSimulator
		{CFDBCF2C-70FF-41A0-860F-758FF6A87FAF}.Ad-Hoc|x64.ActiveCfg = Ad-Hoc|iPhone
		{CFDBCF2C-70FF-41A0-860F-758FF6A87FAF}.Ad-Hoc|x64.Build.0 = Ad-Hoc|iPhone
		{CFDBCF2C-70FF-41A0-860F-758FF6A87FAF}.Ad-Hoc|x64.Deploy.0 = Ad-Hoc|iPhone
		{CFDBCF2C-70FF-41A0-860F-758FF6A87FAF}.Ad-Hoc|x86.ActiveCfg = Ad-Hoc|iPhone
		{CFDBCF2C-70FF-41A0-860F-758FF6A87FAF}.Ad-Hoc|x86.Build.0 = Ad-Hoc|iPhone
		{CFDBCF2C-70FF-41A0-860F-758FF6A87FAF}.Ad-Hoc|x86.Deploy.0 = Ad-Hoc|iPhone
		{CFDBCF2C-70FF-41A0-860F-758FF6A87FAF}.AppStore|Any CPU.ActiveCfg = AppStore|iPhone
		{CFDBCF2C-70FF-41A0-860F-758FF6A87FAF}.AppStore|Any CPU.Build.0 = AppStore|iPhone
		{CFDBCF2C-70FF-41A0-860F-758FF6A87FAF}.AppStore|Any CPU.Deploy.0 = AppStore|iPhone
		{CFDBCF2C-70FF-41A0-860F-758FF6A87FAF}.AppStore|ARM.ActiveCfg = AppStore|iPhone
		{CFDBCF2C-70FF-41A0-860F-758FF6A87FAF}.AppStore|ARM.Build.0 = AppStore|iPhone
		{CFDBCF2C-70FF-41A0-860F-758FF6A87FAF}.AppStore|ARM.Deploy.0 = AppStore|iPhone
		{CFDBCF2C-70FF-41A0-860F-758FF6A87FAF}.AppStore|iPhone.ActiveCfg = AppStore|iPhone
		{CFDBCF2C-70FF-41A0-860F-758FF6A87FAF}.AppStore|iPhone.Build.0 = AppStore|iPhone
		{CFDBCF2C-70FF-41A0-860F-758FF6A87FAF}.AppStore|iPhone.Deploy.0 = AppStore|iPhone
		{CFDBCF2C-70FF-41A0-860F-758FF6A87FAF}.AppStore|iPhoneSimulator.ActiveCfg = AppStore|iPhoneSimulator
		{CFDBCF2C-70FF-41A0-860F-758FF6A87FAF}.AppStore|iPhoneSimulator.Build.0 = AppStore|iPhoneSimulator
		{CFDBCF2C-70FF-41A0-860F-758FF6A87FAF}.AppStore|iPhoneSimulator.Deploy.0 = AppStore|iPhoneSimulator
		{CFDBCF2C-70FF-41A0-860F-758FF6A87FAF}.AppStore|x64.ActiveCfg = AppStore|iPhone
		{CFDBCF2C-70FF-41A0-860F-758FF6A87FAF}.AppStore|x64.Build.0 = AppStore|iPhone
		{CFDBCF2C-70FF-41A0-860F-758FF6A87FAF}.AppStore|x64.Deploy.0 = AppStore|iPhone
		{CFDBCF2C-70FF-41A0-860F-758FF6A87FAF}.AppStore|x86.ActiveCfg = AppStore|iPhone
		{CFDBCF2C-70FF-41A0-860F-758FF6A87FAF}.AppStore|x86.Build.0 = AppStore|iPhone
		{CFDBCF2C-70FF-41A0-860F-758FF6A87FAF}.AppStore|x86.Deploy.0 = AppStore|iPhone
		{CFDBCF2C-70FF-41A0-860F-758FF6A87FAF}.Debug|Any CPU.ActiveCfg = Debug|iPhoneSimulator
		{CFDBCF2C-70FF-41A0-860F-758FF6A87FAF}.Debug|Any CPU.Build.0 = Debug|iPhoneSimulator
		{CFDBCF2C-70FF-41A0-860F-758FF6A87FAF}.Debug|Any CPU.Deploy.0 = Debug|iPhoneSimulator
		{CFDBCF2C-70FF-41A0-860F-758FF6A87FAF}.Debug|ARM.ActiveCfg = Debug|iPhone
		{CFDBCF2C-70FF-41A0-860F-758FF6A87FAF}.Debug|ARM.Build.0 = Debug|iPhone
		{CFDBCF2C-70FF-41A0-860F-758FF6A87FAF}.Debug|ARM.Deploy.0 = Debug|iPhone
		{CFDBCF2C-70FF-41A0-860F-758FF6A87FAF}.Debug|iPhone.ActiveCfg = Debug|iPhone
		{CFDBCF2C-70FF-41A0-860F-758FF6A87FAF}.Debug|iPhone.Build.0 = Debug|iPhone
		{CFDBCF2C-70FF-41A0-860F-758FF6A87FAF}.Debug|iPhone.Deploy.0 = Debug|iPhone
		{CFDBCF2C-70FF-41A0-860F-758FF6A87FAF}.Debug|iPhoneSimulator.ActiveCfg = Debug|iPhoneSimulator
		{CFDBCF2C-70FF-41A0-860F-758FF6A87FAF}.Debug|iPhoneSimulator.Build.0 = Debug|iPhoneSimulator
		{CFDBCF2C-70FF-41A0-860F-758FF6A87FAF}.Debug|iPhoneSimulator.Deploy.0 = Debug|iPhoneSimulator
		{CFDBCF2C-70FF-41A0-860F-758FF6A87FAF}.Debug|x64.ActiveCfg = Debug|iPhone
		{CFDBCF2C-70FF-41A0-860F-758FF6A87FAF}.Debug|x64.Build.0 = Debug|iPhone
		{CFDBCF2C-70FF-41A0-860F-758FF6A87FAF}.Debug|x64.Deploy.0 = Debug|iPhone
		{CFDBCF2C-70FF-41A0-860F-758FF6A87FAF}.Debug|x86.ActiveCfg = Debug|iPhone
		{CFDBCF2C-70FF-41A0-860F-758FF6A87FAF}.Debug|x86.Build.0 = Debug|iPhone
		{CFDBCF2C-70FF-41A0-860F-758FF6A87FAF}.Debug|x86.Deploy.0 = Debug|iPhone
		{CFDBCF2C-70FF-41A0-860F-758FF6A87FAF}.Release|Any CPU.ActiveCfg = Release|iPhone
		{CFDBCF2C-70FF-41A0-860F-758FF6A87FAF}.Release|Any CPU.Build.0 = Release|iPhone
		{CFDBCF2C-70FF-41A0-860F-758FF6A87FAF}.Release|Any CPU.Deploy.0 = Release|iPhone
		{CFDBCF2C-70FF-41A0-860F-758FF6A87FAF}.Release|ARM.ActiveCfg = Release|iPhone
		{CFDBCF2C-70FF-41A0-860F-758FF6A87FAF}.Release|ARM.Build.0 = Release|iPhone
		{CFDBCF2C-70FF-41A0-860F-758FF6A87FAF}.Release|ARM.Deploy.0 = Release|iPhone
		{CFDBCF2C-70FF-41A0-860F-758FF6A87FAF}.Release|iPhone.ActiveCfg = Release|iPhone
		{CFDBCF2C-70FF-41A0-860F-758FF6A87FAF}.Release|iPhone.Build.0 = Release|iPhone
		{CFDBCF2C-70FF-41A0-860F-758FF6A87FAF}.Release|iPhone.Deploy.0 = Release|iPhone
		{CFDBCF2C-70FF-41A0-860F-758FF6A87FAF}.Release|iPhoneSimulator.ActiveCfg = Release|iPhoneSimulator
		{CFDBCF2C-70FF-41A0-860F-758FF6A87FAF}.Release|iPhoneSimulator.Build.0 = Release|iPhoneSimulator
		{CFDBCF2C-70FF-41A0-860F-758FF6A87FAF}.Release|iPhoneSimulator.Deploy.0 = Release|iPhoneSimulator
		{CFDBCF2C-70FF-41A0-860F-758FF6A87FAF}.Release|x64.ActiveCfg = Release|iPhone
		{CFDBCF2C-70FF-41A0-860F-758FF6A87FAF}.Release|x64.Build.0 = Release|iPhone
		{CFDBCF2C-70FF-41A0-860F-758FF6A87FAF}.Release|x64.Deploy.0 = Release|iPhone
		{CFDBCF2C-70FF-41A0-860F-758FF6A87FAF}.Release|x86.ActiveCfg = Release|iPhone
		{CFDBCF2C-70FF-41A0-860F-758FF6A87FAF}.Release|x86.Build.0 = Release|iPhone
		{CFDBCF2C-70FF-41A0-860F-758FF6A87FAF}.Release|x86.Deploy.0 = Release|iPhone
		{3023C35E-9074-4E39-9968-04ADCE23D6F1}.Ad-Hoc|Any CPU.ActiveCfg = Release|x86
		{3023C35E-9074-4E39-9968-04ADCE23D6F1}.Ad-Hoc|Any CPU.Build.0 = Release|x86
		{3023C35E-9074-4E39-9968-04ADCE23D6F1}.Ad-Hoc|Any CPU.Deploy.0 = Release|x86
		{3023C35E-9074-4E39-9968-04ADCE23D6F1}.Ad-Hoc|ARM.ActiveCfg = Release|ARM
		{3023C35E-9074-4E39-9968-04ADCE23D6F1}.Ad-Hoc|ARM.Build.0 = Release|ARM
		{3023C35E-9074-4E39-9968-04ADCE23D6F1}.Ad-Hoc|ARM.Deploy.0 = Release|ARM
		{3023C35E-9074-4E39-9968-04ADCE23D6F1}.Ad-Hoc|iPhone.ActiveCfg = Release|x86
		{3023C35E-9074-4E39-9968-04ADCE23D6F1}.Ad-Hoc|iPhone.Build.0 = Release|x86
		{3023C35E-9074-4E39-9968-04ADCE23D6F1}.Ad-Hoc|iPhone.Deploy.0 = Release|x86
		{3023C35E-9074-4E39-9968-04ADCE23D6F1}.Ad-Hoc|iPhoneSimulator.ActiveCfg = Release|x86
		{3023C35E-9074-4E39-9968-04ADCE23D6F1}.Ad-Hoc|iPhoneSimulator.Build.0 = Release|x86
		{3023C35E-9074-4E39-9968-04ADCE23D6F1}.Ad-Hoc|iPhoneSimulator.Deploy.0 = Release|x86
		{3023C35E-9074-4E39-9968-04ADCE23D6F1}.Ad-Hoc|x64.ActiveCfg = Release|x64
		{3023C35E-9074-4E39-9968-04ADCE23D6F1}.Ad-Hoc|x64.Build.0 = Release|x64
		{3023C35E-9074-4E39-9968-04ADCE23D6F1}.Ad-Hoc|x64.Deploy.0 = Release|x64
		{3023C35E-9074-4E39-9968-04ADCE23D6F1}.Ad-Hoc|x86.ActiveCfg = Release|x86
		{3023C35E-9074-4E39-9968-04ADCE23D6F1}.Ad-Hoc|x86.Build.0 = Release|x86
		{3023C35E-9074-4E39-9968-04ADCE23D6F1}.Ad-Hoc|x86.Deploy.0 = Release|x86
		{3023C35E-9074-4E39-9968-04ADCE23D6F1}.AppStore|Any CPU.ActiveCfg = Release|x86
		{3023C35E-9074-4E39-9968-04ADCE23D6F1}.AppStore|Any CPU.Build.0 = Release|x86
		{3023C35E-9074-4E39-9968-04ADCE23D6F1}.AppStore|Any CPU.Deploy.0 = Release|x86
		{3023C35E-9074-4E39-9968-04ADCE23D6F1}.AppStore|ARM.ActiveCfg = Release|ARM
		{3023C35E-9074-4E39-9968-04ADCE23D6F1}.AppStore|ARM.Build.0 = Release|ARM
		{3023C35E-9074-4E39-9968-04ADCE23D6F1}.AppStore|ARM.Deploy.0 = Release|ARM
		{3023C35E-9074-4E39-9968-04ADCE23D6F1}.AppStore|iPhone.ActiveCfg = Release|x86
		{3023C35E-9074-4E39-9968-04ADCE23D6F1}.AppStore|iPhone.Build.0 = Release|x86
		{3023C35E-9074-4E39-9968-04ADCE23D6F1}.AppStore|iPhone.Deploy.0 = Release|x86
		{3023C35E-9074-4E39-9968-04ADCE23D6F1}.AppStore|iPhoneSimulator.ActiveCfg = Release|x86
		{3023C35E-9074-4E39-9968-04ADCE23D6F1}.AppStore|iPhoneSimulator.Build.0 = Release|x86
		{3023C35E-9074-4E39-9968-04ADCE23D6F1}.AppStore|iPhoneSimulator.Deploy.0 = Release|x86
		{3023C35E-9074-4E39-9968-04ADCE23D6F1}.AppStore|x64.ActiveCfg = Release|x64
		{3023C35E-9074-4E39-9968-04ADCE23D6F1}.AppStore|x64.Build.0 = Release|x64
		{3023C35E-9074-4E39-9968-04ADCE23D6F1}.AppStore|x64.Deploy.0 = Release|x64
		{3023C35E-9074-4E39-9968-04ADCE23D6F1}.AppStore|x86.ActiveCfg = Release|x86
		{3023C35E-9074-4E39-9968-04ADCE23D6F1}.AppStore|x86.Build.0 = Release|x86
		{3023C35E-9074-4E39-9968-04ADCE23D6F1}.AppStore|x86.Deploy.0 = Release|x86
		{3023C35E-9074-4E39-9968-04ADCE23D6F1}.Debug|Any CPU.ActiveCfg = Debug|x86
		{3023C35E-9074-4E39-9968-04ADCE23D6F1}.Debug|Any CPU.Build.0 = Debug|x86
		{3023C35E-9074-4E39-9968-04ADCE23D6F1}.Debug|Any CPU.Deploy.0 = Debug|x86
		{3023C35E-9074-4E39-9968-04ADCE23D6F1}.Debug|ARM.ActiveCfg = Debug|ARM
		{3023C35E-9074-4E39-9968-04ADCE23D6F1}.Debug|ARM.Build.0 = Debug|ARM
		{3023C35E-9074-4E39-9968-04ADCE23D6F1}.Debug|ARM.Deploy.0 = Debug|ARM
		{3023C35E-9074-4E39-9968-04ADCE23D6F1}.Debug|iPhone.ActiveCfg = Debug|x86
		{3023C35E-9074-4E39-9968-04ADCE23D6F1}.Debug|iPhone.Build.0 = Debug|x86
		{3023C35E-9074-4E39-9968-04ADCE23D6F1}.Debug|iPhone.Deploy.0 = Debug|x86
		{3023C35E-9074-4E39-9968-04ADCE23D6F1}.Debug|iPhoneSimulator.ActiveCfg = Debug|x86
		{3023C35E-9074-4E39-9968-04ADCE23D6F1}.Debug|iPhoneSimulator.Build.0 = Debug|x86
		{3023C35E-9074-4E39-9968-04ADCE23D6F1}.Debug|iPhoneSimulator.Deploy.0 = Debug|x86
		{3023C35E-9074-4E39-9968-04ADCE23D6F1}.Debug|x64.ActiveCfg = Debug|x64
		{3023C35E-9074-4E39-9968-04ADCE23D6F1}.Debug|x64.Build.0 = Debug|x64
		{3023C35E-9074-4E39-9968-04ADCE23D6F1}.Debug|x64.Deploy.0 = Debug|x64
		{3023C35E-9074-4E39-9968-04ADCE23D6F1}.Debug|x86.ActiveCfg = Debug|x86
		{3023C35E-9074-4E39-9968-04ADCE23D6F1}.Debug|x86.Build.0 = Debug|x86
		{3023C35E-9074-4E39-9968-04ADCE23D6F1}.Debug|x86.Deploy.0 = Debug|x86
		{3023C35E-9074-4E39-9968-04ADCE23D6F1}.Release|Any CPU.ActiveCfg = Release|x86
		{3023C35E-9074-4E39-9968-04ADCE23D6F1}.Release|Any CPU.Build.0 = Release|x86
		{3023C35E-9074-4E39-9968-04ADCE23D6F1}.Release|Any CPU.Deploy.0 = Release|x86
		{3023C35E-9074-4E39-9968-04ADCE23D6F1}.Release|ARM.ActiveCfg = Release|ARM
		{3023C35E-9074-4E39-9968-04ADCE23D6F1}.Release|ARM.Build.0 = Release|ARM
		{3023C35E-9074-4E39-9968-04ADCE23D6F1}.Release|ARM.Deploy.0 = Release|ARM
		{3023C35E-9074-4E39-9968-04ADCE23D6F1}.Release|iPhone.ActiveCfg = Release|x86
		{3023C35E-9074-4E39-9968-04ADCE23D6F1}.Release|iPhone.Build.0 = Release|x86
		{3023C35E-9074-4E39-9968-04ADCE23D6F1}.Release|iPhone.Deploy.0 = Release|x86
		{3023C35E-9074-4E39-9968-04ADCE23D6F1}.Release|iPhoneSimulator.ActiveCfg = Release|x86
		{3023C35E-9074-4E39-9968-04ADCE23D6F1}.Release|iPhoneSimulator.Build.0 = Release|x86
		{3023C35E-9074-4E39-9968-04ADCE23D6F1}.Release|iPhoneSimulator.Deploy.0 = Release|x86
		{3023C35E-9074-4E39-9968-04ADCE23D6F1}.Release|x64.ActiveCfg = Release|x64
		{3023C35E-9074-4E39-9968-04ADCE23D6F1}.Release|x64.Build.0 = Release|x64
		{3023C35E-9074-4E39-9968-04ADCE23D6F1}.Release|x64.Deploy.0 = Release|x64
		{3023C35E-9074-4E39-9968-04ADCE23D6F1}.Release|x86.ActiveCfg = Release|x86
		{3023C35E-9074-4E39-9968-04ADCE23D6F1}.Release|x86.Build.0 = Release|x86
		{3023C35E-9074-4E39-9968-04ADCE23D6F1}.Release|x86.Deploy.0 = Release|x86
	EndGlobalSection
	GlobalSection(SolutionProperties) = preSolution
		HideSolutionNode = FALSE
	EndGlobalSection
	GlobalSection(ExtensibilityGlobals) = postSolution
		SolutionGuid = {D482245E-B869-48D1-9A02-58F110357DEA}
	EndGlobalSection
EndGlobal
